{
  "requires": true,
  "lockfileVersion": 1,
  "dependencies": {
    "kleur": {
      "version": "3.0.2",
      "resolved": "https://registry.npmjs.org/kleur/-/kleur-3.0.2.tgz",
      "integrity": "sha512-3h7B2WRT5LNXOtQiAaWonilegHcPSf9nLVXlSTci8lu1dZUuui61+EsPEZqSVxY7rXYmB2DVKMQILxaO5WL61Q=="
    }
  }
}
